
Microsoft Visual Studio Solution File, Format Version 12.00
# Visual Studio Version 17
VisualStudioVersion = 17.9.34714.143
MinimumVisualStudioVersion = 10.0.40219.1
Project("{FAE04EC0-301F-11D3-BF4B-00C04F79EFBC}") = "Question2", "Question2\Question2.csproj", "{C8E3F233-ED66-477B-8FF7-EE43A44CB2AF}"
EndProject
Global
	GlobalSection(SolutionConfigurationPlatforms) = preSolution
		Debug|Any CPU = Debug|Any CPU
		Release|Any CPU = Release|Any CPU
	EndGlobalSection
	GlobalSection(ProjectConfigurationPlatforms) = postSolution
		{C8E3F233-ED66-477B-8FF7-EE43A44CB2AF}.Debug|Any CPU.ActiveCfg = Debug|Any CPU
		{C8E3F233-ED66-477B-8FF7-EE43A44CB2AF}.Debug|Any CPU.Build.0 = Debug|Any CPU
		{C8E3F233-ED66-477B-8FF7-EE43A44CB2AF}.Release|Any CPU.ActiveCfg = Release|Any CPU
		{C8E3F233-ED66-477B-8FF7-EE43A44CB2AF}.Release|Any CPU.Build.0 = Release|Any CPU
	EndGlobalSection
	GlobalSection(SolutionProperties) = preSolution
		HideSolutionNode = FALSE
	EndGlobalSection
	GlobalSection(ExtensibilityGlobals) = postSolution
		SolutionGuid = {4466BC0F-6042-434E-BFB2-929EA492316B}
	EndGlobalSection
EndGlobal
