
Microsoft Visual Studio Solution File, Format Version 12.00
# Visual Studio Version 17
VisualStudioVersion = 17.9.34714.143
MinimumVisualStudioVersion = 10.0.40219.1
Project("{FAE04EC0-301F-11D3-BF4B-00C04F79EFBC}") = "Student", "Student\Student.csproj", "{BD82B108-4C88-456A-ADEB-2590B6EB9CDC}"
EndProject
Global
	GlobalSection(SolutionConfigurationPlatforms) = preSolution
		Debug|Any CPU = Debug|Any CPU
		Release|Any CPU = Release|Any CPU
	EndGlobalSection
	GlobalSection(ProjectConfigurationPlatforms) = postSolution
		{BD82B108-4C88-456A-ADEB-2590B6EB9CDC}.Debug|Any CPU.ActiveCfg = Debug|Any CPU
		{BD82B108-4C88-456A-ADEB-2590B6EB9CDC}.Debug|Any CPU.Build.0 = Debug|Any CPU
		{BD82B108-4C88-456A-ADEB-2590B6EB9CDC}.Release|Any CPU.ActiveCfg = Release|Any CPU
		{BD82B108-4C88-456A-ADEB-2590B6EB9CDC}.Release|Any CPU.Build.0 = Release|Any CPU
	EndGlobalSection
	GlobalSection(SolutionProperties) = preSolution
		HideSolutionNode = FALSE
	EndGlobalSection
	GlobalSection(ExtensibilityGlobals) = postSolution
		SolutionGuid = {5EA004A6-38C6-4C05-B520-D796C2EFFDC6}
	EndGlobalSection
EndGlobal
